
Microsoft Visual Studio Solution File, Format Version 12.00
# Visual Studio Version 16
VisualStudioVersion = 16.0.31624.102
MinimumVisualStudioVersion = 10.0.40219.1
Project("{FAE04EC0-301F-11D3-BF4B-00C04F79EFBC}") = "lineage", "lineage\lineage.csproj", "{A4CED639-9EB8-4F22-9FB7-A4D7A86B946D}"
EndProject
Global
	GlobalSection(SolutionConfigurationPlatforms) = preSolution
		Debug|Any CPU = Debug|Any CPU
		Release|Any CPU = Release|Any CPU
	EndGlobalSection
	GlobalSection(ProjectConfigurationPlatforms) = postSolution
		{A4CED639-9EB8-4F22-9FB7-A4D7A86B946D}.Debug|Any CPU.ActiveCfg = Debug|Any CPU
		{A4CED639-9EB8-4F22-9FB7-A4D7A86B946D}.Debug|Any CPU.Build.0 = Debug|Any CPU
		{A4CED639-9EB8-4F22-9FB7-A4D7A86B946D}.Release|Any CPU.ActiveCfg = Release|Any CPU
		{A4CED639-9EB8-4F22-9FB7-A4D7A86B946D}.Release|Any CPU.Build.0 = Release|Any CPU
	EndGlobalSection
	GlobalSection(SolutionProperties) = preSolution
		HideSolutionNode = FALSE
	EndGlobalSection
	GlobalSection(ExtensibilityGlobals) = postSolution
		SolutionGuid = {15A5DE60-D4AE-4E68-8BBF-12B3CA2326CD}
	EndGlobalSection
EndGlobal
